Microsoft Visual Studio Solution File, Format Version 12.00
# Visual Studio Version 17
VisualStudioVersion = 17.0.31903.59
MinimumVisualStudioVersion = 10.0.40219.1
Project("{9A19103F-16F7-4668-BE54-9A1E7A4F7556}") = "Merthsoft.GravityCa", "Merthsoft.GravityCa\Merthsoft.GravityCa.csproj", "{8595BA80-F4B2-49A6-BF5F-EBEA5D66CF15}"
EndProject
Project("{9A19103F-16F7-4668-BE54-9A1E7A4F7556}") = "Merthsoft.GravityCa.DesktopGl", "Merthsoft.GravityCa.DesktopGl\Merthsoft.GravityCa.DesktopGl.csproj", "{E9DAC44D-1AEA-4672-8051-0A5695BD85AF}"
EndProject
Project("{9A19103F-16F7-4668-BE54-9A1E7A4F7556}") = "Merthsoft.GravityCa.GameLibrary", "Merthsoft.GravityCa.GameLibrary\Merthsoft.GravityCa.GameLibrary.csproj", "{561EDE0D-2465-4C17-8D84-C165ED89AD64}"
EndProject
Project("{9A19103F-16F7-4668-BE54-9A1E7A4F7556}") = "Merthsoft.GravityCa.WindowsDx", "Merthsoft.GravityCa.WindowsDx\Merthsoft.GravityCa.WindowsDx.csproj", "{C38BBAAA-6820-4673-92F5-0D744D86199A}"
EndProject
Global
	GlobalSection(ProjectConfigurationPlatforms) = postSolution
		{561EDE0D-2465-4C17-8D84-C165ED89AD64}.Debug|Any CPU.ActiveCfg = Debug|Any CPU
		{561EDE0D-2465-4C17-8D84-C165ED89AD64}.Debug|Any CPU.Build.0 = Debug|Any CPU
		{561EDE0D-2465-4C17-8D84-C165ED89AD64}.Release|Any CPU.ActiveCfg = Release|Any CPU
		{561EDE0D-2465-4C17-8D84-C165ED89AD64}.Release|Any CPU.Build.0 = Release|Any CPU
		{8595BA80-F4B2-49A6-BF5F-EBEA5D66CF15}.Debug|Any CPU.ActiveCfg = Debug|Any CPU
		{8595BA80-F4B2-49A6-BF5F-EBEA5D66CF15}.Debug|Any CPU.Build.0 = Debug|Any CPU
		{8595BA80-F4B2-49A6-BF5F-EBEA5D66CF15}.Release|Any CPU.ActiveCfg = Release|Any CPU
		{8595BA80-F4B2-49A6-BF5F-EBEA5D66CF15}.Release|Any CPU.Build.0 = Release|Any CPU
		{C38BBAAA-6820-4673-92F5-0D744D86199A}.Debug|Any CPU.ActiveCfg = Debug|Any CPU
		{C38BBAAA-6820-4673-92F5-0D744D86199A}.Debug|Any CPU.Build.0 = Debug|Any CPU
		{C38BBAAA-6820-4673-92F5-0D744D86199A}.Release|Any CPU.ActiveCfg = Release|Any CPU
		{C38BBAAA-6820-4673-92F5-0D744D86199A}.Release|Any CPU.Build.0 = Release|Any CPU
		{E9DAC44D-1AEA-4672-8051-0A5695BD85AF}.Debug|Any CPU.ActiveCfg = Debug|Any CPU
		{E9DAC44D-1AEA-4672-8051-0A5695BD85AF}.Debug|Any CPU.Build.0 = Debug|Any CPU
		{E9DAC44D-1AEA-4672-8051-0A5695BD85AF}.Release|Any CPU.ActiveCfg = Release|Any CPU
		{E9DAC44D-1AEA-4672-8051-0A5695BD85AF}.Release|Any CPU.Build.0 = Release|Any CPU
	EndGlobalSection
	GlobalSection(SolutionConfigurationPlatforms) = preSolution
		Debug|Any CPU = Debug|Any CPU
		Release|Any CPU = Release|Any CPU
	EndGlobalSection
	GlobalSection(SolutionProperties) = preSolution
		HideSolutionNode = FALSE
	EndGlobalSection
EndGlobal
